// !$*UTF8*$!
{
	archiveVersion = 1;
	classes = {
	};
	objectVersion = 54;
	objects = {

/* Begin PBXBuildFile section */
		00E356F31AD99517003FC87E /* guardiansTests.m in Sources */ = {isa = PBXBuildFile; fileRef = 00E356F21AD99517003FC87E /* guardiansTests.m */; };
		10F48AFB77834533A77C52D6 /* JosefinSans-MediumItalic.ttf in Resources */ = {isa = PBXBuildFile; fileRef = F7796D8B14054BB195913399 /* JosefinSans-MediumItalic.ttf */; };
		11C5A1540C9041CD848C86CE /* JosefinSans-Bold.ttf in Resources */ = {isa = PBXBuildFile; fileRef = 4BE0A805BA9F4D099E293172 /* JosefinSans-Bold.ttf */; };
		13B07FBC1A68108700A75B9A /* AppDelegate.m in Sources */ = {isa = PBXBuildFile; fileRef = 13B07FB01A68108700A75B9A /* AppDelegate.m */; };
		13B07FBF1A68108700A75B9A /* Images.xcassets in Resources */ = {isa = PBXBuildFile; fileRef = 13B07FB51A68108700A75B9A /* Images.xcassets */; };
		13B07FC11A68108700A75B9A /* main.m in Sources */ = {isa = PBXBuildFile; fileRef = 13B07FB71A68108700A75B9A /* main.m */; };
		146C95C50FCB5CCEAB79EEFF /* libPods-guardians.a in Frameworks */ = {isa = PBXBuildFile; fileRef = CBEF4FB5A5BC1ED47C4D4F76 /* libPods-guardians.a */; };
		1C58B84943C2ACBA0CA11F79 /* libPods-guardians-guardiansTests.a in Frameworks */ = {isa = PBXBuildFile; fileRef = CD12E76A20D553CE7B42B98B /* libPods-guardians-guardiansTests.a */; };
		1E98861577BD4AA480F394F0 /* JosefinSans-SemiBoldItalic.ttf in Resources */ = {isa = PBXBuildFile; fileRef = 29F68BFD034F4753BA4A3BF2 /* JosefinSans-SemiBoldItalic.ttf */; };
		381AFBD7FD174D4BBC40C7FB /* Nunito-BlackItalic.ttf in Resources */ = {isa = PBXBuildFile; fileRef = A4AE9537CCDC478CB8D0D666 /* Nunito-BlackItalic.ttf */; };
		3AE9B045D4EE42959161D83A /* Nunito-SemiBold.ttf in Resources */ = {isa = PBXBuildFile; fileRef = 39587D40845F4807BAE57AF1 /* Nunito-SemiBold.ttf */; };
		52054117931E498A97BAA06C /* JosefinSans-SemiBold.ttf in Resources */ = {isa = PBXBuildFile; fileRef = 115931BD4D8A4E10BD0583CB /* JosefinSans-SemiBold.ttf */; };
		533AC9991ECA4A10BACB1044 /* Nunito-Regular.ttf in Resources */ = {isa = PBXBuildFile; fileRef = 953D3F88E569452DA8217668 /* Nunito-Regular.ttf */; };
		5DCA72B751084D0AA0839833 /* JosefinSans-ExtraLightItalic.ttf in Resources */ = {isa = PBXBuildFile; fileRef = 318F7C34F7874916985B15FA /* JosefinSans-ExtraLightItalic.ttf */; };
		5F3AA09D50124424BF06F973 /* Nunito-BoldItalic.ttf in Resources */ = {isa = PBXBuildFile; fileRef = 6C381C9C86FC4B17870D651E /* Nunito-BoldItalic.ttf */; };
		6213F5EFF13B4DCA9FA9FF30 /* Nunito-ExtraBoldItalic.ttf in Resources */ = {isa = PBXBuildFile; fileRef = FA781F798E664233A52E38FE /* Nunito-ExtraBoldItalic.ttf */; };
		739079CD733D40DBAC95B625 /* Nunito-ExtraBold.ttf in Resources */ = {isa = PBXBuildFile; fileRef = 8482F4B220E140AE8407BA74 /* Nunito-ExtraBold.ttf */; };
		7C1F290936C249608E6D8B56 /* Nunito-SemiBoldItalic.ttf in Resources */ = {isa = PBXBuildFile; fileRef = B3E5E8FFBD044E6AB17511B6 /* Nunito-SemiBoldItalic.ttf */; };
		81AB9BB82411601600AC10FF /* LaunchScreen.storyboard in Resources */ = {isa = PBXBuildFile; fileRef = 81AB9BB72411601600AC10FF /* LaunchScreen.storyboard */; };
		86F170FBD7AF4C10AA278A80 /* Nunito-ExtraLightItalic.ttf in Resources */ = {isa = PBXBuildFile; fileRef = 034D2B2A054641168738DC81 /* Nunito-ExtraLightItalic.ttf */; };
		8CC65C579ED54AA3ADF2740C /* Nunito-LightItalic.ttf in Resources */ = {isa = PBXBuildFile; fileRef = 6F88C463BBE84DE493608B75 /* Nunito-LightItalic.ttf */; };
		8FDD13F165A745769355FF56 /* JosefinSans-ExtraLight.ttf in Resources */ = {isa = PBXBuildFile; fileRef = A6C21B3EF2D3453CBD91F26C /* JosefinSans-ExtraLight.ttf */; };
		9A0A51B9BC9E45729941BC6C /* JosefinSans-Italic.ttf in Resources */ = {isa = PBXBuildFile; fileRef = E6A05D84BBB140B7AD049E97 /* JosefinSans-Italic.ttf */; };
		A1A88B75573E411DBF8CCF6B /* JosefinSans-Medium.ttf in Resources */ = {isa = PBXBuildFile; fileRef = 7ADB5E8F413C48719B974175 /* JosefinSans-Medium.ttf */; };
		ABE1E4BC1C534A499F8EB5E2 /* JosefinSans-ThinItalic.ttf in Resources */ = {isa = PBXBuildFile; fileRef = EC5A367E6B1840B0BE2D462F /* JosefinSans-ThinItalic.ttf */; };
		AC8B53A22700E07B0076A58F /* Void.swift in Sources */ = {isa = PBXBuildFile; fileRef = AC8B53A12700E07B0076A58F /* Void.swift */; };
		C54C8B8AB2B14E6892F47D4C /* Nunito-Bold.ttf in Resources */ = {isa = PBXBuildFile; fileRef = 73D1A0EF2A084F4FB43A88D6 /* Nunito-Bold.ttf */; };
		C69CB4A1CDE541D09035429F /* Nunito-Light.ttf in Resources */ = {isa = PBXBuildFile; fileRef = 323E9A9DA19647E8B555CC57 /* Nunito-Light.ttf */; };
		CD1B8B2562E8451180C09643 /* JosefinSans-LightItalic.ttf in Resources */ = {isa = PBXBuildFile; fileRef = 091255DF33034D54BFBFEB07 /* JosefinSans-LightItalic.ttf */; };
		D8F8610E90CC40939767EEA4 /* Nunito-ExtraLight.ttf in Resources */ = {isa = PBXBuildFile; fileRef = 75A6B8D068DB4C2A906EED14 /* Nunito-ExtraLight.ttf */; };
		DA21F8717CC7460EA7367155 /* JosefinSans-Thin.ttf in Resources */ = {isa = PBXBuildFile; fileRef = CD8CF52414FD484CBB8CEA4B /* JosefinSans-Thin.ttf */; };
		ED27AC0AA7C84112AE1A1449 /* Nunito-Black.ttf in Resources */ = {isa = PBXBuildFile; fileRef = 69A1FB6CE75E4391B9E58FDC /* Nunito-Black.ttf */; };
		F128CC798FF340219B89DB63 /* JosefinSans-BoldItalic.ttf in Resources */ = {isa = PBXBuildFile; fileRef = A5D377016C3F432A86F5538D /* JosefinSans-BoldItalic.ttf */; };
		F759C3A745AD4365BFC38E1E /* Nunito-Italic.ttf in Resources */ = {isa = PBXBuildFile; fileRef = 239C152C0F74494A9B6B0587 /* Nunito-Italic.ttf */; };
		F7F9C4021D214EAAADBFE9C9 /* JosefinSans-Light.ttf in Resources */ = {isa = PBXBuildFile; fileRef = 5746D41E9E8F44259D577686 /* JosefinSans-Light.ttf */; };
		F934F30FDED14050AE86B6F3 /* JosefinSans-Regular.ttf in Resources */ = {isa = PBXBuildFile; fileRef = 6A63FE77EF4E4FC0A81DE565 /* JosefinSans-Regular.ttf */; };
/* End PBXBuildFile section */

/* Begin PBXContainerItemProxy section */
		00E356F41AD99517003FC87E /* PBXContainerItemProxy */ = {
			isa = PBXContainerItemProxy;
			containerPortal = 83CBB9F71A601CBA00E9B192 /* Project object */;
			proxyType = 1;
			remoteGlobalIDString = 13B07F861A680F5B00A75B9A;
			remoteInfo = guardians;
		};
/* End PBXContainerItemProxy section */

/* Begin PBXFileReference section */
		00E356EE1AD99517003FC87E /* guardiansTests.xctest */ = {isa = PBXFileReference; explicitFileType = wrapper.cfbundle; includeInIndex = 0; path = guardiansTests.xctest; sourceTree = BUILT_PRODUCTS_DIR; };
		00E356F11AD99517003FC87E /* Info.plist */ = {isa = PBXFileReference; lastKnownFileType = text.plist.xml; path = Info.plist; sourceTree = "<group>"; };
		00E356F21AD99517003FC87E /* guardiansTests.m */ = {isa = PBXFileReference; lastKnownFileType = sourcecode.c.objc; path = guardiansTests.m; sourceTree = "<group>"; };
		034D2B2A054641168738DC81 /* Nunito-ExtraLightItalic.ttf */ = {isa = PBXFileReference; explicitFileType = undefined; fileEncoding = 9; includeInIndex = 0; lastKnownFileType = unknown; name = "Nunito-ExtraLightItalic.ttf"; path = "../src/assets/Fonts/Nunito-ExtraLightItalic.ttf"; sourceTree = "<group>"; };
		091255DF33034D54BFBFEB07 /* JosefinSans-LightItalic.ttf */ = {isa = PBXFileReference; explicitFileType = undefined; fileEncoding = 9; includeInIndex = 0; lastKnownFileType = unknown; name = "JosefinSans-LightItalic.ttf"; path = "../src/assets/Fonts/JosefinSans-LightItalic.ttf"; sourceTree = "<group>"; };
		115931BD4D8A4E10BD0583CB /* JosefinSans-SemiBold.ttf */ = {isa = PBXFileReference; explicitFileType = undefined; fileEncoding = 9; includeInIndex = 0; lastKnownFileType = unknown; name = "JosefinSans-SemiBold.ttf"; path = "../src/assets/Fonts/JosefinSans-SemiBold.ttf"; sourceTree = "<group>"; };
		13B07F961A680F5B00A75B9A /* guardians.app */ = {isa = PBXFileReference; explicitFileType = wrapper.application; includeInIndex = 0; path = guardians.app; sourceTree = BUILT_PRODUCTS_DIR; };
		13B07FAF1A68108700A75B9A /* AppDelegate.h */ = {isa = PBXFileReference; fileEncoding = 4; lastKnownFileType = sourcecode.c.h; name = AppDelegate.h; path = guardians/AppDelegate.h; sourceTree = "<group>"; };
		13B07FB01A68108700A75B9A /* AppDelegate.m */ = {isa = PBXFileReference; fileEncoding = 4; lastKnownFileType = sourcecode.c.objc; name = AppDelegate.m; path = guardians/AppDelegate.m; sourceTree = "<group>"; };
		13B07FB51A68108700A75B9A /* Images.xcassets */ = {isa = PBXFileReference; lastKnownFileType = folder.assetcatalog; name = Images.xcassets; path = guardians/Images.xcassets; sourceTree = "<group>"; };
		13B07FB61A68108700A75B9A /* Info.plist */ = {isa = PBXFileReference; fileEncoding = 4; lastKnownFileType = text.plist.xml; name = Info.plist; path = guardians/Info.plist; sourceTree = "<group>"; };
		13B07FB71A68108700A75B9A /* main.m */ = {isa = PBXFileReference; fileEncoding = 4; lastKnownFileType = sourcecode.c.objc; name = main.m; path = guardians/main.m; sourceTree = "<group>"; };
		239C152C0F74494A9B6B0587 /* Nunito-Italic.ttf */ = {isa = PBXFileReference; explicitFileType = undefined; fileEncoding = 9; includeInIndex = 0; lastKnownFileType = unknown; name = "Nunito-Italic.ttf"; path = "../src/assets/Fonts/Nunito-Italic.ttf"; sourceTree = "<group>"; };
		29F68BFD034F4753BA4A3BF2 /* JosefinSans-SemiBoldItalic.ttf */ = {isa = PBXFileReference; explicitFileType = undefined; fileEncoding = 9; includeInIndex = 0; lastKnownFileType = unknown; name = "JosefinSans-SemiBoldItalic.ttf"; path = "../src/assets/Fonts/JosefinSans-SemiBoldItalic.ttf"; sourceTree = "<group>"; };
		318F7C34F7874916985B15FA /* JosefinSans-ExtraLightItalic.ttf */ = {isa = PBXFileReference; explicitFileType = undefined; fileEncoding = 9; includeInIndex = 0; lastKnownFileType = unknown; name = "JosefinSans-ExtraLightItalic.ttf"; path = "../src/assets/Fonts/JosefinSans-ExtraLightItalic.ttf"; sourceTree = "<group>"; };
		323E9A9DA19647E8B555CC57 /* Nunito-Light.ttf */ = {isa = PBXFileReference; explicitFileType = undefined; fileEncoding = 9; includeInIndex = 0; lastKnownFileType = unknown; name = "Nunito-Light.ttf"; path = "../src/assets/Fonts/Nunito-Light.ttf"; sourceTree = "<group>"; };
		39587D40845F4807BAE57AF1 /* Nunito-SemiBold.ttf */ = {isa = PBXFileReference; explicitFileType = undefined; fileEncoding = 9; includeInIndex = 0; lastKnownFileType = unknown; name = "Nunito-SemiBold.ttf"; path = "../src/assets/Fonts/Nunito-SemiBold.ttf"; sourceTree = "<group>"; };
		419023DA35A64F83E7B26FAE /* Pods-guardians-guardiansTests.debug.xcconfig */ = {isa = PBXFileReference; includeInIndex = 1; lastKnownFileType = text.xcconfig; name = "Pods-guardians-guardiansTests.debug.xcconfig"; path = "Target Support Files/Pods-guardians-guardiansTests/Pods-guardians-guardiansTests.debug.xcconfig"; sourceTree = "<group>"; };
		4BE0A805BA9F4D099E293172 /* JosefinSans-Bold.ttf */ = {isa = PBXFileReference; explicitFileType = undefined; fileEncoding = 9; includeInIndex = 0; lastKnownFileType = unknown; name = "JosefinSans-Bold.ttf"; path = "../src/assets/Fonts/JosefinSans-Bold.ttf"; sourceTree = "<group>"; };
		5746D41E9E8F44259D577686 /* JosefinSans-Light.ttf */ = {isa = PBXFileReference; explicitFileType = undefined; fileEncoding = 9; includeInIndex = 0; lastKnownFileType = unknown; name = "JosefinSans-Light.ttf"; path = "../src/assets/Fonts/JosefinSans-Light.ttf"; sourceTree = "<group>"; };
		5789A74CF37EE5005441B4E2 /* Pods-guardians.debug.xcconfig */ = {isa = PBXFileReference; includeInIndex = 1; lastKnownFileType = text.xcconfig; name = "Pods-guardians.debug.xcconfig"; path = "Target Support Files/Pods-guardians/Pods-guardians.debug.xcconfig"; sourceTree = "<group>"; };
		62FDD17687670508E78B2A2C /* Pods-guardians.release.xcconfig */ = {isa = PBXFileReference; includeInIndex = 1; lastKnownFileType = text.xcconfig; name = "Pods-guardians.release.xcconfig"; path = "Target Support Files/Pods-guardians/Pods-guardians.release.xcconfig"; sourceTree = "<group>"; };
		69A1FB6CE75E4391B9E58FDC /* Nunito-Black.ttf */ = {isa = PBXFileReference; explicitFileType = undefined; fileEncoding = 9; includeInIndex = 0; lastKnownFileType = unknown; name = "Nunito-Black.ttf"; path = "../src/assets/Fonts/Nunito-Black.ttf"; sourceTree = "<group>"; };
		6A63FE77EF4E4FC0A81DE565 /* JosefinSans-Regular.ttf */ = {isa = PBXFileReference; explicitFileType = undefined; fileEncoding = 9; includeInIndex = 0; lastKnownFileType = unknown; name = "JosefinSans-Regular.ttf"; path = "../src/assets/Fonts/JosefinSans-Regular.ttf"; sourceTree = "<group>"; };
		6C381C9C86FC4B17870D651E /* Nunito-BoldItalic.ttf */ = {isa = PBXFileReference; explicitFileType = undefined; fileEncoding = 9; includeInIndex = 0; lastKnownFileType = unknown; name = "Nunito-BoldItalic.ttf"; path = "../src/assets/Fonts/Nunito-BoldItalic.ttf"; sourceTree = "<group>"; };
		6F88C463BBE84DE493608B75 /* Nunito-LightItalic.ttf */ = {isa = PBXFileReference; explicitFileType = undefined; fileEncoding = 9; includeInIndex = 0; lastKnownFileType = unknown; name = "Nunito-LightItalic.ttf"; path = "../src/assets/Fonts/Nunito-LightItalic.ttf"; sourceTree = "<group>"; };
		73D1A0EF2A084F4FB43A88D6 /* Nunito-Bold.ttf */ = {isa = PBXFileReference; explicitFileType = undefined; fileEncoding = 9; includeInIndex = 0; lastKnownFileType = unknown; name = "Nunito-Bold.ttf"; path = "../src/assets/Fonts/Nunito-Bold.ttf"; sourceTree = "<group>"; };
		75A6B8D068DB4C2A906EED14 /* Nunito-ExtraLight.ttf */ = {isa = PBXFileReference; explicitFileType = undefined; fileEncoding = 9; includeInIndex = 0; lastKnownFileType = unknown; name = "Nunito-ExtraLight.ttf"; path = "../src/assets/Fonts/Nunito-ExtraLight.ttf"; sourceTree = "<group>"; };
		7ADB5E8F413C48719B974175 /* JosefinSans-Medium.ttf */ = {isa = PBXFileReference; explicitFileType = undefined; fileEncoding = 9; includeInIndex = 0; lastKnownFileType = unknown; name = "JosefinSans-Medium.ttf"; path = "../src/assets/Fonts/JosefinSans-Medium.ttf"; sourceTree = "<group>"; };
		81AB9BB72411601600AC10FF /* LaunchScreen.storyboard */ = {isa = PBXFileReference; fileEncoding = 4; lastKnownFileType = file.storyboard; name = LaunchScreen.storyboard; path = guardians/LaunchScreen.storyboard; sourceTree = "<group>"; };
		8482F4B220E140AE8407BA74 /* Nunito-ExtraBold.ttf */ = {isa = PBXFileReference; explicitFileType = undefined; fileEncoding = 9; includeInIndex = 0; lastKnownFileType = unknown; name = "Nunito-ExtraBold.ttf"; path = "../src/assets/Fonts/Nunito-ExtraBold.ttf"; sourceTree = "<group>"; };
		953D3F88E569452DA8217668 /* Nunito-Regular.ttf */ = {isa = PBXFileReference; explicitFileType = undefined; fileEncoding = 9; includeInIndex = 0; lastKnownFileType = unknown; name = "Nunito-Regular.ttf"; path = "../src/assets/Fonts/Nunito-Regular.ttf"; sourceTree = "<group>"; };
		9EE300ED07CDBC7BA2D304FC /* Pods-guardians-guardiansTests.release.xcconfig */ = {isa = PBXFileReference; includeInIndex = 1; lastKnownFileType = text.xcconfig; name = "Pods-guardians-guardiansTests.release.xcconfig"; path = "Target Support Files/Pods-guardians-guardiansTests/Pods-guardians-guardiansTests.release.xcconfig"; sourceTree = "<group>"; };
		A4AE9537CCDC478CB8D0D666 /* Nunito-BlackItalic.ttf */ = {isa = PBXFileReference; explicitFileType = undefined; fileEncoding = 9; includeInIndex = 0; lastKnownFileType = unknown; name = "Nunito-BlackItalic.ttf"; path = "../src/assets/Fonts/Nunito-BlackItalic.ttf"; sourceTree = "<group>"; };
		A5D377016C3F432A86F5538D /* JosefinSans-BoldItalic.ttf */ = {isa = PBXFileReference; explicitFileType = undefined; fileEncoding = 9; includeInIndex = 0; lastKnownFileType = unknown; name = "JosefinSans-BoldItalic.ttf"; path = "../src/assets/Fonts/JosefinSans-BoldItalic.ttf"; sourceTree = "<group>"; };
		A6C21B3EF2D3453CBD91F26C /* JosefinSans-ExtraLight.ttf */ = {isa = PBXFileReference; explicitFileType = undefined; fileEncoding = 9; includeInIndex = 0; lastKnownFileType = unknown; name = "JosefinSans-ExtraLight.ttf"; path = "../src/assets/Fonts/JosefinSans-ExtraLight.ttf"; sourceTree = "<group>"; };
		AC08BEDB26F41A4E00909B48 /* Ionicons.ttf */ = {isa = PBXFileReference; lastKnownFileType = file; name = Ionicons.ttf; path = "../node_modules/react-native-vector-icons/Fonts/Ionicons.ttf"; sourceTree = "<group>"; };
		AC08BEDC26F41A4E00909B48 /* Feather.ttf */ = {isa = PBXFileReference; lastKnownFileType = file; name = Feather.ttf; path = "../node_modules/react-native-vector-icons/Fonts/Feather.ttf"; sourceTree = "<group>"; };
		AC08BEDD26F41A4E00909B48 /* AntDesign.ttf */ = {isa = PBXFileReference; lastKnownFileType = file; name = AntDesign.ttf; path = "../node_modules/react-native-vector-icons/Fonts/AntDesign.ttf"; sourceTree = "<group>"; };
		AC08BEDE26F41A4E00909B48 /* MaterialIcons.ttf */ = {isa = PBXFileReference; lastKnownFileType = file; name = MaterialIcons.ttf; path = "../node_modules/react-native-vector-icons/Fonts/MaterialIcons.ttf"; sourceTree = "<group>"; };
		AC08BEDF26F41A4E00909B48 /* Fontisto.ttf */ = {isa = PBXFileReference; lastKnownFileType = file; name = Fontisto.ttf; path = "../node_modules/react-native-vector-icons/Fonts/Fontisto.ttf"; sourceTree = "<group>"; };
		AC08BEE026F41A4E00909B48 /* Foundation.ttf */ = {isa = PBXFileReference; lastKnownFileType = file; name = Foundation.ttf; path = "../node_modules/react-native-vector-icons/Fonts/Foundation.ttf"; sourceTree = "<group>"; };
		AC08BEE126F41A4E00909B48 /* Entypo.ttf */ = {isa = PBXFileReference; lastKnownFileType = file; name = Entypo.ttf; path = "../node_modules/react-native-vector-icons/Fonts/Entypo.ttf"; sourceTree = "<group>"; };
		AC08BEE226F41A4E00909B48 /* FontAwesome5_Regular.ttf */ = {isa = PBXFileReference; lastKnownFileType = file; name = FontAwesome5_Regular.ttf; path = "../node_modules/react-native-vector-icons/Fonts/FontAwesome5_Regular.ttf"; sourceTree = "<group>"; };
		AC08BEE326F41A4E00909B48 /* Octicons.ttf */ = {isa = PBXFileReference; lastKnownFileType = file; name = Octicons.ttf; path = "../node_modules/react-native-vector-icons/Fonts/Octicons.ttf"; sourceTree = "<group>"; };
		AC08BEE426F41A4E00909B48 /* SimpleLineIcons.ttf */ = {isa = PBXFileReference; lastKnownFileType = file; name = SimpleLineIcons.ttf; path = "../node_modules/react-native-vector-icons/Fonts/SimpleLineIcons.ttf"; sourceTree = "<group>"; };
		AC08BEE526F41A4E00909B48 /* Zocial.ttf */ = {isa = PBXFileReference; lastKnownFileType = file; name = Zocial.ttf; path = "../node_modules/react-native-vector-icons/Fonts/Zocial.ttf"; sourceTree = "<group>"; };
		AC08BEE626F41A4E00909B48 /* FontAwesome.ttf */ = {isa = PBXFileReference; lastKnownFileType = file; name = FontAwesome.ttf; path = "../node_modules/react-native-vector-icons/Fonts/FontAwesome.ttf"; sourceTree = "<group>"; };
		AC08BEE726F41A4E00909B48 /* MaterialCommunityIcons.ttf */ = {isa = PBXFileReference; lastKnownFileType = file; name = MaterialCommunityIcons.ttf; path = "../node_modules/react-native-vector-icons/Fonts/MaterialCommunityIcons.ttf"; sourceTree = "<group>"; };
		AC08BEE826F41A4E00909B48 /* FontAwesome5_Brands.ttf */ = {isa = PBXFileReference; lastKnownFileType = file; name = FontAwesome5_Brands.ttf; path = "../node_modules/react-native-vector-icons/Fonts/FontAwesome5_Brands.ttf"; sourceTree = "<group>"; };
		AC08BEE926F41A4F00909B48 /* EvilIcons.ttf */ = {isa = PBXFileReference; lastKnownFileType = file; name = EvilIcons.ttf; path = "../node_modules/react-native-vector-icons/Fonts/EvilIcons.ttf"; sourceTree = "<group>"; };
		AC08BEEA26F41A4F00909B48 /* FontAwesome5_Solid.ttf */ = {isa = PBXFileReference; lastKnownFileType = file; name = FontAwesome5_Solid.ttf; path = "../node_modules/react-native-vector-icons/Fonts/FontAwesome5_Solid.ttf"; sourceTree = "<group>"; };
		AC8B53A12700E07B0076A58F /* Void.swift */ = {isa = PBXFileReference; lastKnownFileType = sourcecode.swift; path = Void.swift; sourceTree = "<group>"; };
		B3E5E8FFBD044E6AB17511B6 /* Nunito-SemiBoldItalic.ttf */ = {isa = PBXFileReference; explicitFileType = undefined; fileEncoding = 9; includeInIndex = 0; lastKnownFileType = unknown; name = "Nunito-SemiBoldItalic.ttf"; path = "../src/assets/Fonts/Nunito-SemiBoldItalic.ttf"; sourceTree = "<group>"; };
		CBEF4FB5A5BC1ED47C4D4F76 /* libPods-guardians.a */ = {isa = PBXFileReference; explicitFileType = archive.ar; includeInIndex = 0; path = "libPods-guardians.a"; sourceTree = BUILT_PRODUCTS_DIR; };
		CD12E76A20D553CE7B42B98B /* libPods-guardians-guardiansTests.a */ = {isa = PBXFileReference; explicitFileType = archive.ar; includeInIndex = 0; path = "libPods-guardians-guardiansTests.a"; sourceTree = BUILT_PRODUCTS_DIR; };
		CD8CF52414FD484CBB8CEA4B /* JosefinSans-Thin.ttf */ = {isa = PBXFileReference; explicitFileType = undefined; fileEncoding = 9; includeInIndex = 0; lastKnownFileType = unknown; name = "JosefinSans-Thin.ttf"; path = "../src/assets/Fonts/JosefinSans-Thin.ttf"; sourceTree = "<group>"; };
		E6A05D84BBB140B7AD049E97 /* JosefinSans-Italic.ttf */ = {isa = PBXFileReference; explicitFileType = undefined; fileEncoding = 9; includeInIndex = 0; lastKnownFileType = unknown; name = "JosefinSans-Italic.ttf"; path = "../src/assets/Fonts/JosefinSans-Italic.ttf"; sourceTree = "<group>"; };
		EC5A367E6B1840B0BE2D462F /* JosefinSans-ThinItalic.ttf */ = {isa = PBXFileReference; explicitFileType = undefined; fileEncoding = 9; includeInIndex = 0; lastKnownFileType = unknown; name = "JosefinSans-ThinItalic.ttf"; path = "../src/assets/Fonts/JosefinSans-ThinItalic.ttf"; sourceTree = "<group>"; };
		ED297162215061F000B7C4FE /* JavaScriptCore.framework */ = {isa = PBXFileReference; lastKnownFileType = wrapper.framework; name = JavaScriptCore.framework; path = System/Library/Frameworks/JavaScriptCore.framework; sourceTree = SDKROOT; };
		F7796D8B14054BB195913399 /* JosefinSans-MediumItalic.ttf */ = {isa = PBXFileReference; explicitFileType = undefined; fileEncoding = 9; includeInIndex = 0; lastKnownFileType = unknown; name = "JosefinSans-MediumItalic.ttf"; path = "../src/assets/Fonts/JosefinSans-MediumItalic.ttf"; sourceTree = "<group>"; };
		FA781F798E664233A52E38FE /* Nunito-ExtraBoldItalic.ttf */ = {isa = PBXFileReference; explicitFileType = undefined; fileEncoding = 9; includeInIndex = 0; lastKnownFileType = unknown; name = "Nunito-ExtraBoldItalic.ttf"; path = "../src/assets/Fonts/Nunito-ExtraBoldItalic.ttf"; sourceTree = "<group>"; };
/* End PBXFileReference section */

/* Begin PBXFrameworksBuildPhase section */
		00E356EB1AD99517003FC87E /* Frameworks */ = {
			isa = PBXFrameworksBuildPhase;
			buildActionMask = 2147483647;
			files = (
				1C58B84943C2ACBA0CA11F79 /* libPods-guardians-guardiansTests.a in Frameworks */,
			);
			runOnlyForDeploymentPostprocessing = 0;
		};
		13B07F8C1A680F5B00A75B9A /* Frameworks */ = {
			isa = PBXFrameworksBuildPhase;
			buildActionMask = 2147483647;
			files = (
				146C95C50FCB5CCEAB79EEFF /* libPods-guardians.a in Frameworks */,
			);
			runOnlyForDeploymentPostprocessing = 0;
		};
/* End PBXFrameworksBuildPhase section */

/* Begin PBXGroup section */
		00E356EF1AD99517003FC87E /* guardiansTests */ = {
			isa = PBXGroup;
			children = (
				00E356F21AD99517003FC87E /* guardiansTests.m */,
				00E356F01AD99517003FC87E /* Supporting Files */,
			);
			path = guardiansTests;
			sourceTree = "<group>";
		};
		00E356F01AD99517003FC87E /* Supporting Files */ = {
			isa = PBXGroup;
			children = (
				00E356F11AD99517003FC87E /* Info.plist */,
			);
			name = "Supporting Files";
			sourceTree = "<group>";
		};
		13B07FAE1A68108700A75B9A /* guardians */ = {
			isa = PBXGroup;
			children = (
				13B07FAF1A68108700A75B9A /* AppDelegate.h */,
				13B07FB01A68108700A75B9A /* AppDelegate.m */,
				13B07FB51A68108700A75B9A /* Images.xcassets */,
				13B07FB61A68108700A75B9A /* Info.plist */,
				81AB9BB72411601600AC10FF /* LaunchScreen.storyboard */,
				13B07FB71A68108700A75B9A /* main.m */,
				AC8B53A12700E07B0076A58F /* Void.swift */,
			);
			name = guardians;
			sourceTree = "<group>";
		};
		2D16E6871FA4F8E400B85C8A /* Frameworks */ = {
			isa = PBXGroup;
			children = (
				ED297162215061F000B7C4FE /* JavaScriptCore.framework */,
				CBEF4FB5A5BC1ED47C4D4F76 /* libPods-guardians.a */,
				CD12E76A20D553CE7B42B98B /* libPods-guardians-guardiansTests.a */,
			);
			name = Frameworks;
			sourceTree = "<group>";
		};
		472D3EC2F7234DF085127170 /* Resources */ = {
			isa = PBXGroup;
			children = (
				ACED58C126EE29D200E188DF /* Icons */,
				4BE0A805BA9F4D099E293172 /* JosefinSans-Bold.ttf */,
				A5D377016C3F432A86F5538D /* JosefinSans-BoldItalic.ttf */,
				A6C21B3EF2D3453CBD91F26C /* JosefinSans-ExtraLight.ttf */,
				318F7C34F7874916985B15FA /* JosefinSans-ExtraLightItalic.ttf */,
				E6A05D84BBB140B7AD049E97 /* JosefinSans-Italic.ttf */,
				5746D41E9E8F44259D577686 /* JosefinSans-Light.ttf */,
				091255DF33034D54BFBFEB07 /* JosefinSans-LightItalic.ttf */,
				7ADB5E8F413C48719B974175 /* JosefinSans-Medium.ttf */,
				F7796D8B14054BB195913399 /* JosefinSans-MediumItalic.ttf */,
				6A63FE77EF4E4FC0A81DE565 /* JosefinSans-Regular.ttf */,
				115931BD4D8A4E10BD0583CB /* JosefinSans-SemiBold.ttf */,
				29F68BFD034F4753BA4A3BF2 /* JosefinSans-SemiBoldItalic.ttf */,
				CD8CF52414FD484CBB8CEA4B /* JosefinSans-Thin.ttf */,
				EC5A367E6B1840B0BE2D462F /* JosefinSans-ThinItalic.ttf */,
				69A1FB6CE75E4391B9E58FDC /* Nunito-Black.ttf */,
				A4AE9537CCDC478CB8D0D666 /* Nunito-BlackItalic.ttf */,
				73D1A0EF2A084F4FB43A88D6 /* Nunito-Bold.ttf */,
				6C381C9C86FC4B17870D651E /* Nunito-BoldItalic.ttf */,
				8482F4B220E140AE8407BA74 /* Nunito-ExtraBold.ttf */,
				FA781F798E664233A52E38FE /* Nunito-ExtraBoldItalic.ttf */,
				75A6B8D068DB4C2A906EED14 /* Nunito-ExtraLight.ttf */,
				034D2B2A054641168738DC81 /* Nunito-ExtraLightItalic.ttf */,
				239C152C0F74494A9B6B0587 /* Nunito-Italic.ttf */,
				323E9A9DA19647E8B555CC57 /* Nunito-Light.ttf */,
				6F88C463BBE84DE493608B75 /* Nunito-LightItalic.ttf */,
				953D3F88E569452DA8217668 /* Nunito-Regular.ttf */,
				39587D40845F4807BAE57AF1 /* Nunito-SemiBold.ttf */,
				B3E5E8FFBD044E6AB17511B6 /* Nunito-SemiBoldItalic.ttf */,
			);
			name = Resources;
			sourceTree = "<group>";
		};
		832341AE1AAA6A7D00B99B32 /* Libraries */ = {
			isa = PBXGroup;
			children = (
			);
			name = Libraries;
			sourceTree = "<group>";
		};
		83CBB9F61A601CBA00E9B192 = {
			isa = PBXGroup;
			children = (
				13B07FAE1A68108700A75B9A /* guardians */,
				832341AE1AAA6A7D00B99B32 /* Libraries */,
				00E356EF1AD99517003FC87E /* guardiansTests */,
				83CBBA001A601CBA00E9B192 /* Products */,
				2D16E6871FA4F8E400B85C8A /* Frameworks */,
				E233CBF5F47BEE60B243DCF8 /* Pods */,
				472D3EC2F7234DF085127170 /* Resources */,
			);
			indentWidth = 2;
			sourceTree = "<group>";
			tabWidth = 2;
			usesTabs = 0;
		};
		83CBBA001A601CBA00E9B192 /* Products */ = {
			isa = PBXGroup;
			children = (
				13B07F961A680F5B00A75B9A /* guardians.app */,
				00E356EE1AD99517003FC87E /* guardiansTests.xctest */,
			);
			name = Products;
			sourceTree = "<group>";
		};
		ACED58C126EE29D200E188DF /* Icons */ = {
			isa = PBXGroup;
			children = (
				AC08BEDD26F41A4E00909B48 /* AntDesign.ttf */,
				AC08BEE126F41A4E00909B48 /* Entypo.ttf */,
				AC08BEE926F41A4F00909B48 /* EvilIcons.ttf */,
				AC08BEDC26F41A4E00909B48 /* Feather.ttf */,
				AC08BEE626F41A4E00909B48 /* FontAwesome.ttf */,
				AC08BEE826F41A4E00909B48 /* FontAwesome5_Brands.ttf */,
				AC08BEE226F41A4E00909B48 /* FontAwesome5_Regular.ttf */,
				AC08BEEA26F41A4F00909B48 /* FontAwesome5_Solid.ttf */,
				AC08BEDF26F41A4E00909B48 /* Fontisto.ttf */,
				AC08BEE026F41A4E00909B48 /* Foundation.ttf */,
				AC08BEDB26F41A4E00909B48 /* Ionicons.ttf */,
				AC08BEE726F41A4E00909B48 /* MaterialCommunityIcons.ttf */,
				AC08BEDE26F41A4E00909B48 /* MaterialIcons.ttf */,
				AC08BEE326F41A4E00909B48 /* Octicons.ttf */,
				AC08BEE426F41A4E00909B48 /* SimpleLineIcons.ttf */,
				AC08BEE526F41A4E00909B48 /* Zocial.ttf */,
			);
			name = Icons;
			sourceTree = "<group>";
		};
		E233CBF5F47BEE60B243DCF8 /* Pods */ = {
			isa = PBXGroup;
			children = (
				5789A74CF37EE5005441B4E2 /* Pods-guardians.debug.xcconfig */,
				62FDD17687670508E78B2A2C /* Pods-guardians.release.xcconfig */,
				419023DA35A64F83E7B26FAE /* Pods-guardians-guardiansTests.debug.xcconfig */,
				9EE300ED07CDBC7BA2D304FC /* Pods-guardians-guardiansTests.release.xcconfig */,
			);
			path = Pods;
			sourceTree = "<group>";
		};
/* End PBXGroup section */

/* Begin PBXNativeTarget section */
		00E356ED1AD99517003FC87E /* guardiansTests */ = {
			isa = PBXNativeTarget;
			buildConfigurationList = 00E357021AD99517003FC87E /* Build configuration list for PBXNativeTarget "guardiansTests" */;
			buildPhases = (
				1812E262DC144AF9074B48D9 /* [CP] Check Pods Manifest.lock */,
				00E356EA1AD99517003FC87E /* Sources */,
				00E356EB1AD99517003FC87E /* Frameworks */,
				00E356EC1AD99517003FC87E /* Resources */,
				82C2A964E78AC691C46AA07A /* [CP] Copy Pods Resources */,
				EA01A34C1AC938912C304D2C /* [CP] Embed Pods Frameworks */,
			);
			buildRules = (
			);
			dependencies = (
				00E356F51AD99517003FC87E /* PBXTargetDependency */,
			);
			name = guardiansTests;
			productName = guardiansTests;
			productReference = 00E356EE1AD99517003FC87E /* guardiansTests.xctest */;
			productType = "com.apple.product-type.bundle.unit-test";
		};
		13B07F861A680F5B00A75B9A /* guardians */ = {
			isa = PBXNativeTarget;
			buildConfigurationList = 13B07F931A680F5B00A75B9A /* Build configuration list for PBXNativeTarget "guardians" */;
			buildPhases = (
				D853A6BB16B7AEA70EE931F9 /* [CP] Check Pods Manifest.lock */,
				FD10A7F022414F080027D42C /* Start Packager */,
				13B07F871A680F5B00A75B9A /* Sources */,
				13B07F8C1A680F5B00A75B9A /* Frameworks */,
				13B07F8E1A680F5B00A75B9A /* Resources */,
				00DD1BFF1BD5951E006B06BC /* Bundle React Native code and images */,
				67FB4FBF4584FA89A6BDD39A /* [CP] Copy Pods Resources */,
				0F6B3D04AAAD09311923CF77 /* [CP] Embed Pods Frameworks */,
			);
			buildRules = (
			);
			dependencies = (
			);
			name = guardians;
			productName = guardians;
			productReference = 13B07F961A680F5B00A75B9A /* guardians.app */;
			productType = "com.apple.product-type.application";
		};
/* End PBXNativeTarget section */

/* Begin PBXProject section */
		83CBB9F71A601CBA00E9B192 /* Project object */ = {
			isa = PBXProject;
			attributes = {
				LastUpgradeCheck = 1250;
				TargetAttributes = {
					00E356ED1AD99517003FC87E = {
						CreatedOnToolsVersion = 6.2;
						TestTargetID = 13B07F861A680F5B00A75B9A;
					};
					13B07F861A680F5B00A75B9A = {
						LastSwiftMigration = 1300;
					};
				};
			};
			buildConfigurationList = 83CBB9FA1A601CBA00E9B192 /* Build configuration list for PBXProject "guardians" */;
			compatibilityVersion = "Xcode 12.0";
			developmentRegion = en;
			hasScannedForEncodings = 0;
			knownRegions = (
				en,
				Base,
			);
			mainGroup = 83CBB9F61A601CBA00E9B192;
			productRefGroup = 83CBBA001A601CBA00E9B192 /* Products */;
			projectDirPath = "";
			projectRoot = "";
			targets = (
				13B07F861A680F5B00A75B9A /* guardians */,
				00E356ED1AD99517003FC87E /* guardiansTests */,
			);
		};
/* End PBXProject section */

/* Begin PBXResourcesBuildPhase section */
		00E356EC1AD99517003FC87E /* Resources */ = {
			isa = PBXResourcesBuildPhase;
			buildActionMask = 2147483647;
			files = (
			);
			runOnlyForDeploymentPostprocessing = 0;
		};
		13B07F8E1A680F5B00A75B9A /* Resources */ = {
			isa = PBXResourcesBuildPhase;
			buildActionMask = 2147483647;
			files = (
				81AB9BB82411601600AC10FF /* LaunchScreen.storyboard in Resources */,
				13B07FBF1A68108700A75B9A /* Images.xcassets in Resources */,
				11C5A1540C9041CD848C86CE /* JosefinSans-Bold.ttf in Resources */,
				F128CC798FF340219B89DB63 /* JosefinSans-BoldItalic.ttf in Resources */,
				8FDD13F165A745769355FF56 /* JosefinSans-ExtraLight.ttf in Resources */,
				5DCA72B751084D0AA0839833 /* JosefinSans-ExtraLightItalic.ttf in Resources */,
				9A0A51B9BC9E45729941BC6C /* JosefinSans-Italic.ttf in Resources */,
				F7F9C4021D214EAAADBFE9C9 /* JosefinSans-Light.ttf in Resources */,
				CD1B8B2562E8451180C09643 /* JosefinSans-LightItalic.ttf in Resources */,
				A1A88B75573E411DBF8CCF6B /* JosefinSans-Medium.ttf in Resources */,
				10F48AFB77834533A77C52D6 /* JosefinSans-MediumItalic.ttf in Resources */,
				F934F30FDED14050AE86B6F3 /* JosefinSans-Regular.ttf in Resources */,
				52054117931E498A97BAA06C /* JosefinSans-SemiBold.ttf in Resources */,
				1E98861577BD4AA480F394F0 /* JosefinSans-SemiBoldItalic.ttf in Resources */,
				DA21F8717CC7460EA7367155 /* JosefinSans-Thin.ttf in Resources */,
				ABE1E4BC1C534A499F8EB5E2 /* JosefinSans-ThinItalic.ttf in Resources */,
				ED27AC0AA7C84112AE1A1449 /* Nunito-Black.ttf in Resources */,
				381AFBD7FD174D4BBC40C7FB /* Nunito-BlackItalic.ttf in Resources */,
				C54C8B8AB2B14E6892F47D4C /* Nunito-Bold.ttf in Resources */,
				5F3AA09D50124424BF06F973 /* Nunito-BoldItalic.ttf in Resources */,
				739079CD733D40DBAC95B625 /* Nunito-ExtraBold.ttf in Resources */,
				6213F5EFF13B4DCA9FA9FF30 /* Nunito-ExtraBoldItalic.ttf in Resources */,
				D8F8610E90CC40939767EEA4 /* Nunito-ExtraLight.ttf in Resources */,
				86F170FBD7AF4C10AA278A80 /* Nunito-ExtraLightItalic.ttf in Resources */,
				F759C3A745AD4365BFC38E1E /* Nunito-Italic.ttf in Resources */,
				C69CB4A1CDE541D09035429F /* Nunito-Light.ttf in Resources */,
				8CC65C579ED54AA3ADF2740C /* Nunito-LightItalic.ttf in Resources */,
				533AC9991ECA4A10BACB1044 /* Nunito-Regular.ttf in Resources */,
				3AE9B045D4EE42959161D83A /* Nunito-SemiBold.ttf in Resources */,
				7C1F290936C249608E6D8B56 /* Nunito-SemiBoldItalic.ttf in Resources */,
			);
			runOnlyForDeploymentPostprocessing = 0;
		};
/* End PBXResourcesBuildPhase section */

/* Begin PBXShellScriptBuildPhase section */
		00DD1BFF1BD5951E006B06BC /* Bundle React Native code and images */ = {
			isa = PBXShellScriptBuildPhase;
			buildActionMask = 2147483647;
			files = (
			);
			inputPaths = (
			);
			name = "Bundle React Native code and images";
			outputPaths = (
			);
			runOnlyForDeploymentPostprocessing = 0;
			shellPath = /bin/sh;
			shellScript = "set -e\n\nexport NODE_BINARY=/Users/alexandre/.nvm/versions/node/v14.17.1/bin/node\n../node_modules/react-native/scripts/react-native-xcode.sh\n";
		};
		0F6B3D04AAAD09311923CF77 /* [CP] Embed Pods Frameworks */ = {
			isa = PBXShellScriptBuildPhase;
			buildActionMask = 2147483647;
			files = (
			);
			inputFileListPaths = (
				"${PODS_ROOT}/Target Support Files/Pods-guardians/Pods-guardians-frameworks-${CONFIGURATION}-input-files.xcfilelist",
			);
			name = "[CP] Embed Pods Frameworks";
			outputFileListPaths = (
				"${PODS_ROOT}/Target Support Files/Pods-guardians/Pods-guardians-frameworks-${CONFIGURATION}-output-files.xcfilelist",
			);
			runOnlyForDeploymentPostprocessing = 0;
			shellPath = /bin/sh;
			shellScript = "\"${PODS_ROOT}/Target Support Files/Pods-guardians/Pods-guardians-frameworks.sh\"\n";
			showEnvVarsInLog = 0;
		};
		1812E262DC144AF9074B48D9 /* [CP] Check Pods Manifest.lock */ = {
			isa = PBXShellScriptBuildPhase;
			buildActionMask = 2147483647;
			files = (
			);
			inputFileListPaths = (
			);
			inputPaths = (
				"${PODS_PODFILE_DIR_PATH}/Podfile.lock",
				"${PODS_ROOT}/Manifest.lock",
			);
			name = "[CP] Check Pods Manifest.lock";
			outputFileListPaths = (
			);
			outputPaths = (
				"$(DERIVED_FILE_DIR)/Pods-guardians-guardiansTests-checkManifestLockResult.txt",
			);
			runOnlyForDeploymentPostprocessing = 0;
			shellPath = /bin/sh;
			shellScript = "diff \"${PODS_PODFILE_DIR_PATH}/Podfile.lock\" \"${PODS_ROOT}/Manifest.lock\" > /dev/null\nif [ $? != 0 ] ; then\n    # print error to STDERR\n    echo \"error: The sandbox is not in sync with the Podfile.lock. Run 'pod install' or update your CocoaPods installation.\" >&2\n    exit 1\nfi\n# This output is used by Xcode 'outputs' to avoid re-running this script phase.\necho \"SUCCESS\" > \"${SCRIPT_OUTPUT_FILE_0}\"\n";
			showEnvVarsInLog = 0;
		};
		67FB4FBF4584FA89A6BDD39A /* [CP] Copy Pods Resources */ = {
			isa = PBXShellScriptBuildPhase;
			buildActionMask = 2147483647;
			files = (
			);
			inputFileListPaths = (
				"${PODS_ROOT}/Target Support Files/Pods-guardians/Pods-guardians-resources-${CONFIGURATION}-input-files.xcfilelist",
			);
			name = "[CP] Copy Pods Resources";
			outputFileListPaths = (
				"${PODS_ROOT}/Target Support Files/Pods-guardians/Pods-guardians-resources-${CONFIGURATION}-output-files.xcfilelist",
			);
			runOnlyForDeploymentPostprocessing = 0;
			shellPath = /bin/sh;
			shellScript = "\"${PODS_ROOT}/Target Support Files/Pods-guardians/Pods-guardians-resources.sh\"\n";
			showEnvVarsInLog = 0;
		};
		82C2A964E78AC691C46AA07A /* [CP] Copy Pods Resources */ = {
			isa = PBXShellScriptBuildPhase;
			buildActionMask = 2147483647;
			files = (
			);
			inputFileListPaths = (
				"${PODS_ROOT}/Target Support Files/Pods-guardians-guardiansTests/Pods-guardians-guardiansTests-resources-${CONFIGURATION}-input-files.xcfilelist",
			);
			name = "[CP] Copy Pods Resources";
			outputFileListPaths = (
				"${PODS_ROOT}/Target Support Files/Pods-guardians-guardiansTests/Pods-guardians-guardiansTests-resources-${CONFIGURATION}-output-files.xcfilelist",
			);
			runOnlyForDeploymentPostprocessing = 0;
			shellPath = /bin/sh;
			shellScript = "\"${PODS_ROOT}/Target Support Files/Pods-guardians-guardiansTests/Pods-guardians-guardiansTests-resources.sh\"\n";
			showEnvVarsInLog = 0;
		};
		D853A6BB16B7AEA70EE931F9 /* [CP] Check Pods Manifest.lock */ = {
			isa = PBXShellScriptBuildPhase;
			buildActionMask = 2147483647;
			files = (
			);
			inputFileListPaths = (
			);
			inputPaths = (
				"${PODS_PODFILE_DIR_PATH}/Podfile.lock",
				"${PODS_ROOT}/Manifest.lock",
			);
			name = "[CP] Check Pods Manifest.lock";
			outputFileListPaths = (
			);
			outputPaths = (
				"$(DERIVED_FILE_DIR)/Pods-guardians-checkManifestLockResult.txt",
			);
			runOnlyForDeploymentPostprocessing = 0;
			shellPath = /bin/sh;
			shellScript = "diff \"${PODS_PODFILE_DIR_PATH}/Podfile.lock\" \"${PODS_ROOT}/Manifest.lock\" > /dev/null\nif [ $? != 0 ] ; then\n    # print error to STDERR\n    echo \"error: The sandbox is not in sync with the Podfile.lock. Run 'pod install' or update your CocoaPods installation.\" >&2\n    exit 1\nfi\n# This output is used by Xcode 'outputs' to avoid re-running this script phase.\necho \"SUCCESS\" > \"${SCRIPT_OUTPUT_FILE_0}\"\n";
			showEnvVarsInLog = 0;
		};
		EA01A34C1AC938912C304D2C /* [CP] Embed Pods Frameworks */ = {
			isa = PBXShellScriptBuildPhase;
			buildActionMask = 2147483647;
			files = (
			);
			inputFileListPaths = (
				"${PODS_ROOT}/Target Support Files/Pods-guardians-guardiansTests/Pods-guardians-guardiansTests-frameworks-${CONFIGURATION}-input-files.xcfilelist",
			);
			name = "[CP] Embed Pods Frameworks";
			outputFileListPaths = (
				"${PODS_ROOT}/Target Support Files/Pods-guardians-guardiansTests/Pods-guardians-guardiansTests-frameworks-${CONFIGURATION}-output-files.xcfilelist",
			);
			runOnlyForDeploymentPostprocessing = 0;
			shellPath = /bin/sh;
			shellScript = "\"${PODS_ROOT}/Target Support Files/Pods-guardians-guardiansTests/Pods-guardians-guardiansTests-frameworks.sh\"\n";
			showEnvVarsInLog = 0;
		};
		FD10A7F022414F080027D42C /* Start Packager */ = {
			isa = PBXShellScriptBuildPhase;
			buildActionMask = 2147483647;
			files = (
			);
			inputFileListPaths = (
			);
			inputPaths = (
			);
			name = "Start Packager";
			outputFileListPaths = (
			);
			outputPaths = (
			);
			runOnlyForDeploymentPostprocessing = 0;
			shellPath = /bin/sh;
			shellScript = "export RCT_METRO_PORT=\"${RCT_METRO_PORT:=8081}\"\necho \"export RCT_METRO_PORT=${RCT_METRO_PORT}\" > \"${SRCROOT}/../node_modules/react-native/scripts/.packager.env\"\nif [ -z \"${RCT_NO_LAUNCH_PACKAGER+xxx}\" ] ; then\n  if nc -w 5 -z localhost ${RCT_METRO_PORT} ; then\n    if ! curl -s \"http://localhost:${RCT_METRO_PORT}/status\" | grep -q \"packager-status:running\" ; then\n      echo \"Port ${RCT_METRO_PORT} already in use, packager is either not running or not running correctly\"\n      exit 2\n    fi\n  else\n    open \"$SRCROOT/../node_modules/react-native/scripts/launchPackager.command\" || echo \"Can't start packager automatically\"\n  fi\nfi\n";
			showEnvVarsInLog = 0;
		};
/* End PBXShellScriptBuildPhase section */

/* Begin PBXSourcesBuildPhase section */
		00E356EA1AD99517003FC87E /* Sources */ = {
			isa = PBXSourcesBuildPhase;
			buildActionMask = 2147483647;
			files = (
				00E356F31AD99517003FC87E /* guardiansTests.m in Sources */,
			);
			runOnlyForDeploymentPostprocessing = 0;
		};
		13B07F871A680F5B00A75B9A /* Sources */ = {
			isa = PBXSourcesBuildPhase;
			buildActionMask = 2147483647;
			files = (
				13B07FBC1A68108700A75B9A /* AppDelegate.m in Sources */,
				13B07FC11A68108700A75B9A /* main.m in Sources */,
				AC8B53A22700E07B0076A58F /* Void.swift in Sources */,
			);
			runOnlyForDeploymentPostprocessing = 0;
		};
/* End PBXSourcesBuildPhase section */

/* Begin PBXTargetDependency section */
		00E356F51AD99517003FC87E /* PBXTargetDependency */ = {
			isa = PBXTargetDependency;
			target = 13B07F861A680F5B00A75B9A /* guardians */;
			targetProxy = 00E356F41AD99517003FC87E /* PBXContainerItemProxy */;
		};
/* End PBXTargetDependency section */

/* Begin XCBuildConfiguration section */
		00E356F61AD99517003FC87E /* Debug */ = {
			isa = XCBuildConfiguration;
			baseConfigurationReference = 419023DA35A64F83E7B26FAE /* Pods-guardians-guardiansTests.debug.xcconfig */;
			buildSettings = {
				ALWAYS_EMBED_SWIFT_STANDARD_LIBRARIES = YES;
				BUNDLE_LOADER = "$(TEST_HOST)";
				GCC_PREPROCESSOR_DEFINITIONS = (
					"DEBUG=1",
					"$(inherited)",
				);
				INFOPLIST_FILE = guardiansTests/Info.plist;
				IPHONEOS_DEPLOYMENT_TARGET = 12.0;
				LD_RUNPATH_SEARCH_PATHS = (
					"$(inherited)",
					"@executable_path/Frameworks",
					"@loader_path/Frameworks",
				);
				OTHER_LDFLAGS = (
					"-ObjC",
					"-lc++",
					"$(inherited)",
				);
				PRODUCT_BUNDLE_IDENTIFIER = "org.reactjs.native.example.$(PRODUCT_NAME:rfc1034identifier)";
				PRODUCT_NAME = "$(TARGET_NAME)";
				TEST_HOST = "$(BUILT_PRODUCTS_DIR)/guardians.app/guardians";
			};
			name = Debug;
		};
		00E356F71AD99517003FC87E /* Release */ = {
			isa = XCBuildConfiguration;
			baseConfigurationReference = 9EE300ED07CDBC7BA2D304FC /* Pods-guardians-guardiansTests.release.xcconfig */;
			buildSettings = {
				ALWAYS_EMBED_SWIFT_STANDARD_LIBRARIES = YES;
				BUNDLE_LOADER = "$(TEST_HOST)";
				COPY_PHASE_STRIP = NO;
				INFOPLIST_FILE = guardiansTests/Info.plist;
				IPHONEOS_DEPLOYMENT_TARGET = 12.0;
				LD_RUNPATH_SEARCH_PATHS = (
					"$(inherited)",
					"@executable_path/Frameworks",
					"@loader_path/Frameworks",
				);
				OTHER_LDFLAGS = (
					"-ObjC",
					"-lc++",
					"$(inherited)",
				);
				PRODUCT_BUNDLE_IDENTIFIER = "org.reactjs.native.example.$(PRODUCT_NAME:rfc1034identifier)";
				PRODUCT_NAME = "$(TARGET_NAME)";
				TEST_HOST = "$(BUILT_PRODUCTS_DIR)/guardians.app/guardians";
			};
			name = Release;
		};
		13B07F941A680F5B00A75B9A /* Debug */ = {
			isa = XCBuildConfiguration;
			baseConfigurationReference = 5789A74CF37EE5005441B4E2 /* Pods-guardians.debug.xcconfig */;
			buildSettings = {
				ASSETCATALOG_COMPILER_APPICON_NAME = AppIcon;
				CLANG_ENABLE_MODULES = YES;
				CURRENT_PROJECT_VERSION = 1;
				DEVELOPMENT_TEAM = AG92JK5GWY;
				ENABLE_BITCODE = NO;
				EXCLUDED_ARCHS = "";
				INFOPLIST_FILE = guardians/Info.plist;
				LD_RUNPATH_SEARCH_PATHS = (
					"$(inherited)",
					"@executable_path/Frameworks",
				);
				OTHER_LDFLAGS = (
					"$(inherited)",
					"-ObjC",
					"-lc++",
				);
				PRODUCT_BUNDLE_IDENTIFIER = "org.reactjs.native.example.$(PRODUCT_NAME:rfc1034identifier)";
				PRODUCT_NAME = guardians;
				SWIFT_OPTIMIZATION_LEVEL = "-Onone";
				SWIFT_VERSION = 5.0;
				VERSIONING_SYSTEM = "apple-generic";
			};
			name = Debug;
		};
		13B07F951A680F5B00A75B9A /* Release */ = {
			isa = XCBuildConfiguration;
			baseConfigurationReference = 62FDD17687670508E78B2A2C /* Pods-guardians.release.xcconfig */;
			buildSettings = {
				ASSETCATALOG_COMPILER_APPICON_NAME = AppIcon;
				CLANG_ENABLE_MODULES = YES;
				CURRENT_PROJECT_VERSION = 1;
				DEVELOPMENT_TEAM = AG92JK5GWY;
				EXCLUDED_ARCHS = "";
				INFOPLIST_FILE = guardians/Info.plist;
				LD_RUNPATH_SEARCH_PATHS = (
					"$(inherited)",
					"@executable_path/Frameworks",
				);
				OTHER_LDFLAGS = (
					"$(inherited)",
					"-ObjC",
					"-lc++",
				);
				PRODUCT_BUNDLE_IDENTIFIER = "org.reactjs.native.example.$(PRODUCT_NAME:rfc1034identifier)";
				PRODUCT_NAME = guardians;
				SWIFT_VERSION = 5.0;
				VERSIONING_SYSTEM = "apple-generic";
			};
			name = Release;
		};
		83CBBA201A601CBA00E9B192 /* Debug */ = {
			isa = XCBuildConfiguration;
			buildSettings = {
				ALWAYS_SEARCH_USER_PATHS = NO;
				CLANG_ANALYZER_LOCALIZABILITY_NONLOCALIZED = YES;
				CLANG_CXX_LANGUAGE_STANDARD = "gnu++0x";
				CLANG_CXX_LIBRARY = "libc++";
				CLANG_ENABLE_MODULES = YES;
				CLANG_ENABLE_OBJC_ARC = YES;
				CLANG_WARN_BLOCK_CAPTURE_AUTORELEASING = YES;
				CLANG_WARN_BOOL_CONVERSION = YES;
				CLANG_WARN_COMMA = YES;
				CLANG_WARN_CONSTANT_CONVERSION = YES;
				CLANG_WARN_DEPRECATED_OBJC_IMPLEMENTATIONS = YES;
				CLANG_WARN_DIRECT_OBJC_ISA_USAGE = YES_ERROR;
				CLANG_WARN_EMPTY_BODY = YES;
				CLANG_WARN_ENUM_CONVERSION = YES;
				CLANG_WARN_INFINITE_RECURSION = YES;
				CLANG_WARN_INT_CONVERSION = YES;
				CLANG_WARN_NON_LITERAL_NULL_CONVERSION = YES;
				CLANG_WARN_OBJC_IMPLICIT_RETAIN_SELF = YES;
				CLANG_WARN_OBJC_LITERAL_CONVERSION = YES;
				CLANG_WARN_OBJC_ROOT_CLASS = YES_ERROR;
				CLANG_WARN_QUOTED_INCLUDE_IN_FRAMEWORK_HEADER = YES;
				CLANG_WARN_RANGE_LOOP_ANALYSIS = YES;
				CLANG_WARN_STRICT_PROTOTYPES = YES;
				CLANG_WARN_SUSPICIOUS_MOVE = YES;
				CLANG_WARN_UNREACHABLE_CODE = YES;
				CLANG_WARN__DUPLICATE_METHOD_MATCH = YES;
				"CODE_SIGN_IDENTITY[sdk=iphoneos*]" = "iPhone Developer";
				COPY_PHASE_STRIP = NO;
				ENABLE_STRICT_OBJC_MSGSEND = YES;
				ENABLE_TESTABILITY = YES;
				EXCLUDED_ARCHS = arm64;
				"EXCLUDED_ARCHS[sdk=iphonesimulator*]" = "";
				GCC_C_LANGUAGE_STANDARD = gnu99;
				GCC_DYNAMIC_NO_PIC = NO;
				GCC_NO_COMMON_BLOCKS = YES;
				GCC_OPTIMIZATION_LEVEL = 0;
				GCC_PREPROCESSOR_DEFINITIONS = (
					"DEBUG=1",
					"$(inherited)",
				);
				GCC_SYMBOLS_PRIVATE_EXTERN = NO;
				GCC_WARN_64_TO_32_BIT_CONVERSION = YES;
				GCC_WARN_ABOUT_RETURN_TYPE = YES_ERROR;
				GCC_WARN_UNDECLARED_SELECTOR = YES;
				GCC_WARN_UNINITIALIZED_AUTOS = YES_AGGRESSIVE;
				GCC_WARN_UNUSED_FUNCTION = YES;
				GCC_WARN_UNUSED_VARIABLE = YES;
				IPHONEOS_DEPLOYMENT_TARGET = 12.0;
				LD_RUNPATH_SEARCH_PATHS = (
					/usr/lib/swift,
					"$(inherited)",
				);
				LIBRARY_SEARCH_PATHS = (
					"\"$(TOOLCHAIN_DIR)/usr/lib/swift/$(PLATFORM_NAME)\"",
					"\"$(TOOLCHAIN_DIR)/usr/lib/swift-5.0/$(PLATFORM_NAME)\"",
					"\"$(inherited)\"",
				);
				MTL_ENABLE_DEBUG_INFO = YES;
				ONLY_ACTIVE_ARCH = YES;
				SDKROOT = iphoneos;
			};
			name = Debug;
		};
		83CBBA211A601CBA00E9B192 /* Release */ = {
			isa = XCBuildConfiguration;
			buildSettings = {
				ALWAYS_SEARCH_USER_PATHS = NO;
				CLANG_ANALYZER_LOCALIZABILITY_NONLOCALIZED = YES;
				CLANG_CXX_LANGUAGE_STANDARD = "gnu++0x";
				CLANG_CXX_LIBRARY = "libc++";
				CLANG_ENABLE_MODULES = YES;
				CLANG_ENABLE_OBJC_ARC = YES;
				CLANG_WARN_BLOCK_CAPTURE_AUTORELEASING = YES;
				CLANG_WARN_BOOL_CONVERSION = YES;
				CLANG_WARN_COMMA = YES;
				CLANG_WARN_CONSTANT_CONVERSION = YES;
				CLANG_WARN_DEPRECATED_OBJC_IMPLEMENTATIONS = YES;
				CLANG_WARN_DIRECT_OBJC_ISA_USAGE = YES_ERROR;
				CLANG_WARN_EMPTY_BODY = YES;
				CLANG_WARN_ENUM_CONVERSION = YES;
				CLANG_WARN_INFINITE_RECURSION = YES;
				CLANG_WARN_INT_CONVERSION = YES;
				CLANG_WARN_NON_LITERAL_NULL_CONVERSION = YES;
				CLANG_WARN_OBJC_IMPLICIT_RETAIN_SELF = YES;
				CLANG_WARN_OBJC_LITERAL_CONVERSION = YES;
				CLANG_WARN_OBJC_ROOT_CLASS = YES_ERROR;
				CLANG_WARN_QUOTED_INCLUDE_IN_FRAMEWORK_HEADER = YES;
				CLANG_WARN_RANGE_LOOP_ANALYSIS = YES;
				CLANG_WARN_STRICT_PROTOTYPES = YES;
				CLANG_WARN_SUSPICIOUS_MOVE = YES;
				CLANG_WARN_UNREACHABLE_CODE = YES;
				CLANG_WARN__DUPLICATE_METHOD_MATCH = YES;
				"CODE_SIGN_IDENTITY[sdk=iphoneos*]" = "iPhone Developer";
				COPY_PHASE_STRIP = YES;
				ENABLE_NS_ASSERTIONS = NO;
				ENABLE_STRICT_OBJC_MSGSEND = YES;
				EXCLUDED_ARCHS = arm64;
				"EXCLUDED_ARCHS[sdk=iphonesimulator*]" = "";
				GCC_C_LANGUAGE_STANDARD = gnu99;
				GCC_NO_COMMON_BLOCKS = YES;
				GCC_WARN_64_TO_32_BIT_CONVERSION = YES;
				GCC_WARN_ABOUT_RETURN_TYPE = YES_ERROR;
				GCC_WARN_UNDECLARED_SELECTOR = YES;
				GCC_WARN_UNINITIALIZED_AUTOS = YES_AGGRESSIVE;
				GCC_WARN_UNUSED_FUNCTION = YES;
				GCC_WARN_UNUSED_VARIABLE = YES;
				IPHONEOS_DEPLOYMENT_TARGET = 12.0;
				LD_RUNPATH_SEARCH_PATHS = (
					/usr/lib/swift,
					"$(inherited)",
				);
				LIBRARY_SEARCH_PATHS = (
					"\"$(TOOLCHAIN_DIR)/usr/lib/swift/$(PLATFORM_NAME)\"",
					"\"$(TOOLCHAIN_DIR)/usr/lib/swift-5.0/$(PLATFORM_NAME)\"",
					"\"$(inherited)\"",
				);
				MTL_ENABLE_DEBUG_INFO = NO;
				SDKROOT = iphoneos;
				VALIDATE_PRODUCT = YES;
			};
			name = Release;
		};
/* End XCBuildConfiguration section */

/* Begin XCConfigurationList section */
		00E357021AD99517003FC87E /* Build configuration list for PBXNativeTarget "guardiansTests" */ = {
			isa = XCConfigurationList;
			buildConfigurations = (
				00E356F61AD99517003FC87E /* Debug */,
				00E356F71AD99517003FC87E /* Release */,
			);
			defaultConfigurationIsVisible = 0;
			defaultConfigurationName = Release;
		};
		13B07F931A680F5B00A75B9A /* Build configuration list for PBXNativeTarget "guardians" */ = {
			isa = XCConfigurationList;
			buildConfigurations = (
				13B07F941A680F5B00A75B9A /* Debug */,
				13B07F951A680F5B00A75B9A /* Release */,
			);
			defaultConfigurationIsVisible = 0;
			defaultConfigurationName = Release;
		};
		83CBB9FA1A601CBA00E9B192 /* Build configuration list for PBXProject "guardians" */ = {
			isa = XCConfigurationList;
			buildConfigurations = (
				83CBBA201A601CBA00E9B192 /* Debug */,
				83CBBA211A601CBA00E9B192 /* Release */,
			);
			defaultConfigurationIsVisible = 0;
			defaultConfigurationName = Release;
		};
/* End XCConfigurationList section */
	};
	rootObject = 83CBB9F71A601CBA00E9B192 /* Project object */;
}
